
Microsoft Visual Studio Solution File, Format Version 12.00
# Visual Studio Version 16
VisualStudioVersion = 16.0.808.4
MinimumVisualStudioVersion = 10.0.40219.1
Project("{FAE04EC0-301F-11D3-BF4B-00C04F79EFBC}") = "Fily", "Fily.csproj", "{4914D83B-55F3-4241-8B4F-33FAF55F3234}"
EndProject
Global
	GlobalSection(SolutionConfigurationPlatforms) = preSolution
		Debug|Any CPU = Debug|Any CPU
		Release|Any CPU = Release|Any CPU
	EndGlobalSection
	GlobalSection(ProjectConfigurationPlatforms) = postSolution
		{4914D83B-55F3-4241-8B4F-33FAF55F3234}.Debug|Any CPU.ActiveCfg = Debug|Any CPU
		{4914D83B-55F3-4241-8B4F-33FAF55F3234}.Debug|Any CPU.Build.0 = Debug|Any CPU
		{4914D83B-55F3-4241-8B4F-33FAF55F3234}.Release|Any CPU.ActiveCfg = Release|Any CPU
		{4914D83B-55F3-4241-8B4F-33FAF55F3234}.Release|Any CPU.Build.0 = Release|Any CPU
	EndGlobalSection
	GlobalSection(SolutionProperties) = preSolution
		HideSolutionNode = FALSE
	EndGlobalSection
	GlobalSection(ExtensibilityGlobals) = postSolution
		SolutionGuid = {DDFB3507-611C-4B1D-B150-51E9ED1BCC68}
	EndGlobalSection
EndGlobal
